
Microsoft Visual Studio Solution File, Format Version 12.00
# Visual Studio Version 16
VisualStudioVersion = 16.0.31702.278
MinimumVisualStudioVersion = 10.0.40219.1
Project("{FAE04EC0-301F-11D3-BF4B-00C04F79EFBC}") = "Programm", "Programm\Programm.csproj", "{7A2E5D3D-D37B-483E-BA02-8D77CC43C595}"
EndProject
Global
	GlobalSection(SolutionConfigurationPlatforms) = preSolution
		Debug|Any CPU = Debug|Any CPU
		Release|Any CPU = Release|Any CPU
	EndGlobalSection
	GlobalSection(ProjectConfigurationPlatforms) = postSolution
		{7A2E5D3D-D37B-483E-BA02-8D77CC43C595}.Debug|Any CPU.ActiveCfg = Debug|Any CPU
		{7A2E5D3D-D37B-483E-BA02-8D77CC43C595}.Debug|Any CPU.Build.0 = Debug|Any CPU
		{7A2E5D3D-D37B-483E-BA02-8D77CC43C595}.Release|Any CPU.ActiveCfg = Release|Any CPU
		{7A2E5D3D-D37B-483E-BA02-8D77CC43C595}.Release|Any CPU.Build.0 = Release|Any CPU
	EndGlobalSection
	GlobalSection(SolutionProperties) = preSolution
		HideSolutionNode = FALSE
	EndGlobalSection
	GlobalSection(ExtensibilityGlobals) = postSolution
		SolutionGuid = {C50D4FF2-48C2-46BE-B2B2-31BB33FE38CE}
	EndGlobalSection
EndGlobal
